
Microsoft Visual Studio Solution File, Format Version 12.00
# Visual Studio Version 17
VisualStudioVersion = 17.5.33516.290
MinimumVisualStudioVersion = 10.0.40219.1
Project("{9A19103F-16F7-4668-BE54-9A1E7A4F7556}") = "Ex.1 - 3", "ДЗ 24.03.2023 Интерфейсы\Ex.1 - 3.csproj", "{4CCFF31D-7BDF-4B06-B254-4A0485C805EC}"
EndProject
Global
	GlobalSection(SolutionConfigurationPlatforms) = preSolution
		Debug|Any CPU = Debug|Any CPU
		Release|Any CPU = Release|Any CPU
	EndGlobalSection
	GlobalSection(ProjectConfigurationPlatforms) = postSolution
		{4CCFF31D-7BDF-4B06-B254-4A0485C805EC}.Debug|Any CPU.ActiveCfg = Debug|Any CPU
		{4CCFF31D-7BDF-4B06-B254-4A0485C805EC}.Debug|Any CPU.Build.0 = Debug|Any CPU
		{4CCFF31D-7BDF-4B06-B254-4A0485C805EC}.Release|Any CPU.ActiveCfg = Release|Any CPU
		{4CCFF31D-7BDF-4B06-B254-4A0485C805EC}.Release|Any CPU.Build.0 = Release|Any CPU
	EndGlobalSection
	GlobalSection(SolutionProperties) = preSolution
		HideSolutionNode = FALSE
	EndGlobalSection
	GlobalSection(ExtensibilityGlobals) = postSolution
		SolutionGuid = {826BA2A2-44A1-45BB-9964-9FDDAFD20AAF}
	EndGlobalSection
EndGlobal
