
Microsoft Visual Studio Solution File, Format Version 12.00
# Visual Studio Version 17
VisualStudioVersion = 17.5.33424.131
MinimumVisualStudioVersion = 10.0.40219.1
Project("{FAE04EC0-301F-11D3-BF4B-00C04F79EFBC}") = "ДЗ 09.03.2023 Массивы и строки", "ДЗ 09.03.2023 Массивы и строки\ДЗ 09.03.2023 Массивы и строки.csproj", "{06F19163-7122-4BB7-A5F9-EDB04461F11F}"
EndProject
Global
	GlobalSection(SolutionConfigurationPlatforms) = preSolution
		Debug|Any CPU = Debug|Any CPU
		Release|Any CPU = Release|Any CPU
	EndGlobalSection
	GlobalSection(ProjectConfigurationPlatforms) = postSolution
		{06F19163-7122-4BB7-A5F9-EDB04461F11F}.Debug|Any CPU.ActiveCfg = Debug|Any CPU
		{06F19163-7122-4BB7-A5F9-EDB04461F11F}.Debug|Any CPU.Build.0 = Debug|Any CPU
		{06F19163-7122-4BB7-A5F9-EDB04461F11F}.Release|Any CPU.ActiveCfg = Release|Any CPU
		{06F19163-7122-4BB7-A5F9-EDB04461F11F}.Release|Any CPU.Build.0 = Release|Any CPU
	EndGlobalSection
	GlobalSection(SolutionProperties) = preSolution
		HideSolutionNode = FALSE
	EndGlobalSection
	GlobalSection(ExtensibilityGlobals) = postSolution
		SolutionGuid = {784C264D-C2A0-4659-90D8-7906C236BCFC}
	EndGlobalSection
EndGlobal
