
Microsoft Visual Studio Solution File, Format Version 12.00
# Visual Studio Version 17
VisualStudioVersion = 17.5.33424.131
MinimumVisualStudioVersion = 10.0.40219.1
Project("{FAE04EC0-301F-11D3-BF4B-00C04F79EFBC}") = "ДЗ 07.03.2023 Введение в С#", "ДЗ 07.03.2023 Введение в С#\ДЗ 07.03.2023 Введение в С#.csproj", "{F05B645D-E86F-4A58-93E1-A0E4279C3F20}"
EndProject
Global
	GlobalSection(SolutionConfigurationPlatforms) = preSolution
		Debug|Any CPU = Debug|Any CPU
		Release|Any CPU = Release|Any CPU
	EndGlobalSection
	GlobalSection(ProjectConfigurationPlatforms) = postSolution
		{F05B645D-E86F-4A58-93E1-A0E4279C3F20}.Debug|Any CPU.ActiveCfg = Debug|Any CPU
		{F05B645D-E86F-4A58-93E1-A0E4279C3F20}.Debug|Any CPU.Build.0 = Debug|Any CPU
		{F05B645D-E86F-4A58-93E1-A0E4279C3F20}.Release|Any CPU.ActiveCfg = Release|Any CPU
		{F05B645D-E86F-4A58-93E1-A0E4279C3F20}.Release|Any CPU.Build.0 = Release|Any CPU
	EndGlobalSection
	GlobalSection(SolutionProperties) = preSolution
		HideSolutionNode = FALSE
	EndGlobalSection
	GlobalSection(ExtensibilityGlobals) = postSolution
		SolutionGuid = {75B651B4-F22D-42BC-A5E5-5E0924F34845}
	EndGlobalSection
EndGlobal
